// !$*UTF8*$!
{
	archiveVersion = 1;
	classes = {
	};
	objectVersion = 46;
	objects = {

/* Begin PBXBuildFile section */
		CF10AF4A1EAD9E1800E7469A /* AppDelegate.swift in Sources */ = {isa = PBXBuildFile; fileRef = CF10AF491EAD9E1800E7469A /* AppDelegate.swift */; };
		CF10AF4F1EAD9E1800E7469A /* Main.storyboard in Resources */ = {isa = PBXBuildFile; fileRef = CF10AF4D1EAD9E1800E7469A /* Main.storyboard */; };
		CF10AF511EAD9E1800E7469A /* Assets.xcassets in Resources */ = {isa = PBXBuildFile; fileRef = CF10AF501EAD9E1800E7469A /* Assets.xcassets */; };
		CF10AF541EAD9E1800E7469A /* LaunchScreen.storyboard in Resources */ = {isa = PBXBuildFile; fileRef = CF10AF521EAD9E1800E7469A /* LaunchScreen.storyboard */; };
/* End PBXBuildFile section */

/* Begin PBXFileReference section */
		CF10AF461EAD9E1800E7469A /* DouYuTV.app */ = {isa = PBXFileReference; explicitFileType = wrapper.application; includeInIndex = 0; path = DouYuTV.app; sourceTree = BUILT_PRODUCTS_DIR; };
		CF10AF491EAD9E1800E7469A /* AppDelegate.swift */ = {isa = PBXFileReference; lastKnownFileType = sourcecode.swift; path = AppDelegate.swift; sourceTree = "<group>"; };
		CF10AF4E1EAD9E1800E7469A /* Base */ = {isa = PBXFileReference; lastKnownFileType = file.storyboard; name = Base; path = Base.lproj/Main.storyboard; sourceTree = "<group>"; };
		CF10AF501EAD9E1800E7469A /* Assets.xcassets */ = {isa = PBXFileReference; lastKnownFileType = folder.assetcatalog; path = Assets.xcassets; sourceTree = "<group>"; };
		CF10AF531EAD9E1800E7469A /* Base */ = {isa = PBXFileReference; lastKnownFileType = file.storyboard; name = Base; path = Base.lproj/LaunchScreen.storyboard; sourceTree = "<group>"; };
		CF10AF551EAD9E1800E7469A /* Info.plist */ = {isa = PBXFileReference; lastKnownFileType = text.plist.xml; path = Info.plist; sourceTree = "<group>"; };
/* End PBXFileReference section */

/* Begin PBXFrameworksBuildPhase section */
		CF10AF431EAD9E1800E7469A /* Frameworks */ = {
			isa = PBXFrameworksBuildPhase;
			buildActionMask = 2147483647;
			files = (
			);
			runOnlyForDeploymentPostprocessing = 0;
		};
/* End PBXFrameworksBuildPhase section */

/* Begin PBXGroup section */
		CF10AF3D1EAD9E1800E7469A = {
			isa = PBXGroup;
			children = (
				CF10AF481EAD9E1800E7469A /* DouYuTV */,
				CF10AF471EAD9E1800E7469A /* Products */,
			);
			sourceTree = "<group>";
		};
		CF10AF471EAD9E1800E7469A /* Products */ = {
			isa = PBXGroup;
			children = (
				CF10AF461EAD9E1800E7469A /* DouYuTV.app */,
			);
			name = Products;
			sourceTree = "<group>";
		};
		CF10AF481EAD9E1800E7469A /* DouYuTV */ = {
			isa = PBXGroup;
			children = (
				CF10AF491EAD9E1800E7469A /* AppDelegate.swift */,
				CF10AF5B1EADB06300E7469A /* Classes */,
				CF10AF4D1EAD9E1800E7469A /* Main.storyboard */,
				CF10AF501EAD9E1800E7469A /* Assets.xcassets */,
				CF10AF521EAD9E1800E7469A /* LaunchScreen.storyboard */,
				CF10AF551EAD9E1800E7469A /* Info.plist */,
			);
			path = DouYuTV;
			sourceTree = "<group>";
		};
		CF10AF5B1EADB06300E7469A /* Classes */ = {
			isa = PBXGroup;
			children = (
				CF10AF6B1EADB06300E7469A /* Main */,
				CF10AF611EADB06300E7469A /* Home */,
				CF10AF661EADB06300E7469A /* Live */,
				CF10AF5C1EADB06300E7469A /* Follow */,
				CF10AF701EADB06300E7469A /* Profile */,
				CF10AF751EADB06300E7469A /* Room */,
				CF10AF7A1EADB06300E7469A /* Tools */,
			);
			path = Classes;
			sourceTree = "<group>";
		};
		CF10AF5C1EADB06300E7469A /* Follow */ = {
			isa = PBXGroup;
			children = (
				CF10AF5D1EADB06300E7469A /* Controller */,
				CF10AF5E1EADB06300E7469A /* Model */,
				CF10AF5F1EADB06300E7469A /* View */,
				CF10AF601EADB06300E7469A /* ViewModel */,
			);
			path = Follow;
			sourceTree = "<group>";
		};
		CF10AF5D1EADB06300E7469A /* Controller */ = {
			isa = PBXGroup;
			children = (
			);
			path = Controller;
			sourceTree = "<group>";
		};
		CF10AF5E1EADB06300E7469A /* Model */ = {
			isa = PBXGroup;
			children = (
			);
			path = Model;
			sourceTree = "<group>";
		};
		CF10AF5F1EADB06300E7469A /* View */ = {
			isa = PBXGroup;
			children = (
			);
			path = View;
			sourceTree = "<group>";
		};
		CF10AF601EADB06300E7469A /* ViewModel */ = {
			isa = PBXGroup;
			children = (
			);
			path = ViewModel;
			sourceTree = "<group>";
		};
		CF10AF611EADB06300E7469A /* Home */ = {
			isa = PBXGroup;
			children = (
				CF10AF621EADB06300E7469A /* Controller */,
				CF10AF631EADB06300E7469A /* Model */,
				CF10AF641EADB06300E7469A /* View */,
				CF10AF651EADB06300E7469A /* ViewModel */,
			);
			path = Home;
			sourceTree = "<group>";
		};
		CF10AF621EADB06300E7469A /* Controller */ = {
			isa = PBXGroup;
			children = (
			);
			path = Controller;
			sourceTree = "<group>";
		};
		CF10AF631EADB06300E7469A /* Model */ = {
			isa = PBXGroup;
			children = (
			);
			path = Model;
			sourceTree = "<group>";
		};
		CF10AF641EADB06300E7469A /* View */ = {
			isa = PBXGroup;
			children = (
			);
			path = View;
			sourceTree = "<group>";
		};
		CF10AF651EADB06300E7469A /* ViewModel */ = {
			isa = PBXGroup;
			children = (
			);
			path = ViewModel;
			sourceTree = "<group>";
		};
		CF10AF661EADB06300E7469A /* Live */ = {
			isa = PBXGroup;
			children = (
				CF10AF671EADB06300E7469A /* Controller */,
				CF10AF681EADB06300E7469A /* Model */,
				CF10AF691EADB06300E7469A /* View */,
				CF10AF6A1EADB06300E7469A /* ViewModel */,
			);
			path = Live;
			sourceTree = "<group>";
		};
		CF10AF671EADB06300E7469A /* Controller */ = {
			isa = PBXGroup;
			children = (
			);
			path = Controller;
			sourceTree = "<group>";
		};
		CF10AF681EADB06300E7469A /* Model */ = {
			isa = PBXGroup;
			children = (
			);
			path = Model;
			sourceTree = "<group>";
		};
		CF10AF691EADB06300E7469A /* View */ = {
			isa = PBXGroup;
			children = (
			);
			path = View;
			sourceTree = "<group>";
		};
		CF10AF6A1EADB06300E7469A /* ViewModel */ = {
			isa = PBXGroup;
			children = (
			);
			path = ViewModel;
			sourceTree = "<group>";
		};
		CF10AF6B1EADB06300E7469A /* Main */ = {
			isa = PBXGroup;
			children = (
				CF10AF6C1EADB06300E7469A /* Controller */,
				CF10AF6D1EADB06300E7469A /* Model */,
				CF10AF6E1EADB06300E7469A /* View */,
				CF10AF6F1EADB06300E7469A /* ViewModel */,
			);
			path = Main;
			sourceTree = "<group>";
		};
		CF10AF6C1EADB06300E7469A /* Controller */ = {
			isa = PBXGroup;
			children = (
			);
			path = Controller;
			sourceTree = "<group>";
		};
		CF10AF6D1EADB06300E7469A /* Model */ = {
			isa = PBXGroup;
			children = (
			);
			path = Model;
			sourceTree = "<group>";
		};
		CF10AF6E1EADB06300E7469A /* View */ = {
			isa = PBXGroup;
			children = (
			);
			path = View;
			sourceTree = "<group>";
		};
		CF10AF6F1EADB06300E7469A /* ViewModel */ = {
			isa = PBXGroup;
			children = (
			);
			path = ViewModel;
			sourceTree = "<group>";
		};
		CF10AF701EADB06300E7469A /* Profile */ = {
			isa = PBXGroup;
			children = (
				CF10AF711EADB06300E7469A /* Controller */,
				CF10AF721EADB06300E7469A /* Model */,
				CF10AF731EADB06300E7469A /* View */,
				CF10AF741EADB06300E7469A /* ViewModel */,
			);
			path = Profile;
			sourceTree = "<group>";
		};
		CF10AF711EADB06300E7469A /* Controller */ = {
			isa = PBXGroup;
			children = (
			);
			path = Controller;
			sourceTree = "<group>";
		};
		CF10AF721EADB06300E7469A /* Model */ = {
			isa = PBXGroup;
			children = (
			);
			path = Model;
			sourceTree = "<group>";
		};
		CF10AF731EADB06300E7469A /* View */ = {
			isa = PBXGroup;
			children = (
			);
			path = View;
			sourceTree = "<group>";
		};
		CF10AF741EADB06300E7469A /* ViewModel */ = {
			isa = PBXGroup;
			children = (
			);
			path = ViewModel;
			sourceTree = "<group>";
		};
		CF10AF751EADB06300E7469A /* Room */ = {
			isa = PBXGroup;
			children = (
				CF10AF761EADB06300E7469A /* Controller */,
				CF10AF771EADB06300E7469A /* Model */,
				CF10AF781EADB06300E7469A /* View */,
				CF10AF791EADB06300E7469A /* ViewModel */,
			);
			path = Room;
			sourceTree = "<group>";
		};
		CF10AF761EADB06300E7469A /* Controller */ = {
			isa = PBXGroup;
			children = (
			);
			path = Controller;
			sourceTree = "<group>";
		};
		CF10AF771EADB06300E7469A /* Model */ = {
			isa = PBXGroup;
			children = (
			);
			path = Model;
			sourceTree = "<group>";
		};
		CF10AF781EADB06300E7469A /* View */ = {
			isa = PBXGroup;
			children = (
			);
			path = View;
			sourceTree = "<group>";
		};
		CF10AF791EADB06300E7469A /* ViewModel */ = {
			isa = PBXGroup;
			children = (
			);
			path = ViewModel;
			sourceTree = "<group>";
		};
		CF10AF7A1EADB06300E7469A /* Tools */ = {
			isa = PBXGroup;
			children = (
			);
			path = Tools;
			sourceTree = "<group>";
		};
/* End PBXGroup section */

/* Begin PBXNativeTarget section */
		CF10AF451EAD9E1800E7469A /* DouYuTV */ = {
			isa = PBXNativeTarget;
			buildConfigurationList = CF10AF581EAD9E1800E7469A /* Build configuration list for PBXNativeTarget "DouYuTV" */;
			buildPhases = (
				CF10AF421EAD9E1800E7469A /* Sources */,
				CF10AF431EAD9E1800E7469A /* Frameworks */,
				CF10AF441EAD9E1800E7469A /* Resources */,
			);
			buildRules = (
			);
			dependencies = (
			);
			name = DouYuTV;
			productName = DouYuTV;
			productReference = CF10AF461EAD9E1800E7469A /* DouYuTV.app */;
			productType = "com.apple.product-type.application";
		};
/* End PBXNativeTarget section */

/* Begin PBXProject section */
		CF10AF3E1EAD9E1800E7469A /* Project object */ = {
			isa = PBXProject;
			attributes = {
				LastSwiftUpdateCheck = 0830;
				LastUpgradeCheck = 0830;
				ORGANIZATIONNAME = GaiPengwei;
				TargetAttributes = {
					CF10AF451EAD9E1800E7469A = {
						CreatedOnToolsVersion = 8.3.1;
						DevelopmentTeam = FC96YVXTWZ;
						ProvisioningStyle = Automatic;
					};
				};
			};
			buildConfigurationList = CF10AF411EAD9E1800E7469A /* Build configuration list for PBXProject "DouYuTV" */;
			compatibilityVersion = "Xcode 3.2";
			developmentRegion = English;
			hasScannedForEncodings = 0;
			knownRegions = (
				en,
				Base,
			);
			mainGroup = CF10AF3D1EAD9E1800E7469A;
			productRefGroup = CF10AF471EAD9E1800E7469A /* Products */;
			projectDirPath = "";
			projectRoot = "";
			targets = (
				CF10AF451EAD9E1800E7469A /* DouYuTV */,
			);
		};
/* End PBXProject section */

/* Begin PBXResourcesBuildPhase section */
		CF10AF441EAD9E1800E7469A /* Resources */ = {
			isa = PBXResourcesBuildPhase;
			buildActionMask = 2147483647;
			files = (
				CF10AF541EAD9E1800E7469A /* LaunchScreen.storyboard in Resources */,
				CF10AF511EAD9E1800E7469A /* Assets.xcassets in Resources */,
				CF10AF4F1EAD9E1800E7469A /* Main.storyboard in Resources */,
			);
			runOnlyForDeploymentPostprocessing = 0;
		};
/* End PBXResourcesBuildPhase section */

/* Begin PBXSourcesBuildPhase section */
		CF10AF421EAD9E1800E7469A /* Sources */ = {
			isa = PBXSourcesBuildPhase;
			buildActionMask = 2147483647;
			files = (
				CF10AF4A1EAD9E1800E7469A /* AppDelegate.swift in Sources */,
			);
			runOnlyForDeploymentPostprocessing = 0;
		};
/* End PBXSourcesBuildPhase section */

/* Begin PBXVariantGroup section */
		CF10AF4D1EAD9E1800E7469A /* Main.storyboard */ = {
			isa = PBXVariantGroup;
			children = (
				CF10AF4E1EAD9E1800E7469A /* Base */,
			);
			name = Main.storyboard;
			sourceTree = "<group>";
		};
		CF10AF521EAD9E1800E7469A /* LaunchScreen.storyboard */ = {
			isa = PBXVariantGroup;
			children = (
				CF10AF531EAD9E1800E7469A /* Base */,
			);
			name = LaunchScreen.storyboard;
			sourceTree = "<group>";
		};
/* End PBXVariantGroup section */

/* Begin XCBuildConfiguration section */
		CF10AF561EAD9E1800E7469A /* Debug */ = {
			isa = XCBuildConfiguration;
			buildSettings = {
				ALWAYS_SEARCH_USER_PATHS = NO;
				CLANG_ANALYZER_NONNULL = YES;
				CLANG_ANALYZER_NUMBER_OBJECT_CONVERSION = YES_AGGRESSIVE;
				CLANG_CXX_LANGUAGE_STANDARD = "gnu++0x";
				CLANG_CXX_LIBRARY = "libc++";
				CLANG_ENABLE_MODULES = YES;
				CLANG_ENABLE_OBJC_ARC = YES;
				CLANG_WARN_BOOL_CONVERSION = YES;
				CLANG_WARN_CONSTANT_CONVERSION = YES;
				CLANG_WARN_DIRECT_OBJC_ISA_USAGE = YES_ERROR;
				CLANG_WARN_DOCUMENTATION_COMMENTS = YES;
				CLANG_WARN_EMPTY_BODY = YES;
				CLANG_WARN_ENUM_CONVERSION = YES;
				CLANG_WARN_INFINITE_RECURSION = YES;
				CLANG_WARN_INT_CONVERSION = YES;
				CLANG_WARN_OBJC_ROOT_CLASS = YES_ERROR;
				CLANG_WARN_SUSPICIOUS_MOVE = YES;
				CLANG_WARN_UNREACHABLE_CODE = YES;
				CLANG_WARN__DUPLICATE_METHOD_MATCH = YES;
				"CODE_SIGN_IDENTITY[sdk=iphoneos*]" = "iPhone Developer";
				COPY_PHASE_STRIP = NO;
				DEBUG_INFORMATION_FORMAT = dwarf;
				ENABLE_STRICT_OBJC_MSGSEND = YES;
				ENABLE_TESTABILITY = YES;
				GCC_C_LANGUAGE_STANDARD = gnu99;
				GCC_DYNAMIC_NO_PIC = NO;
				GCC_NO_COMMON_BLOCKS = YES;
				GCC_OPTIMIZATION_LEVEL = 0;
				GCC_PREPROCESSOR_DEFINITIONS = (
					"DEBUG=1",
					"$(inherited)",
				);
				GCC_WARN_64_TO_32_BIT_CONVERSION = YES;
				GCC_WARN_ABOUT_RETURN_TYPE = YES_ERROR;
				GCC_WARN_UNDECLARED_SELECTOR = YES;
				GCC_WARN_UNINITIALIZED_AUTOS = YES_AGGRESSIVE;
				GCC_WARN_UNUSED_FUNCTION = YES;
				GCC_WARN_UNUSED_VARIABLE = YES;
				IPHONEOS_DEPLOYMENT_TARGET = 10.3;
				MTL_ENABLE_DEBUG_INFO = YES;
				ONLY_ACTIVE_ARCH = YES;
				SDKROOT = iphoneos;
				SWIFT_ACTIVE_COMPILATION_CONDITIONS = DEBUG;
				SWIFT_OPTIMIZATION_LEVEL = "-Onone";
			};
			name = Debug;
		};
		CF10AF571EAD9E1800E7469A /* Release */ = {
			isa = XCBuildConfiguration;
			buildSettings = {
				ALWAYS_SEARCH_USER_PATHS = NO;
				CLANG_ANALYZER_NONNULL = YES;
				CLANG_ANALYZER_NUMBER_OBJECT_CONVERSION = YES_AGGRESSIVE;
				CLANG_CXX_LANGUAGE_STANDARD = "gnu++0x";
				CLANG_CXX_LIBRARY = "libc++";
				CLANG_ENABLE_MODULES = YES;
				CLANG_ENABLE_OBJC_ARC = YES;
				CLANG_WARN_BOOL_CONVERSION = YES;
				CLANG_WARN_CONSTANT_CONVERSION = YES;
				CLANG_WARN_DIRECT_OBJC_ISA_USAGE = YES_ERROR;
				CLANG_WARN_DOCUMENTATION_COMMENTS = YES;
				CLANG_WARN_EMPTY_BODY = YES;
				CLANG_WARN_ENUM_CONVERSION = YES;
				CLANG_WARN_INFINITE_RECURSION = YES;
				CLANG_WARN_INT_CONVERSION = YES;
				CLANG_WARN_OBJC_ROOT_CLASS = YES_ERROR;
				CLANG_WARN_SUSPICIOUS_MOVE = YES;
				CLANG_WARN_UNREACHABLE_CODE = YES;
				CLANG_WARN__DUPLICATE_METHOD_MATCH = YES;
				"CODE_SIGN_IDENTITY[sdk=iphoneos*]" = "iPhone Developer";
				COPY_PHASE_STRIP = NO;
				DEBUG_INFORMATION_FORMAT = "dwarf-with-dsym";
				ENABLE_NS_ASSERTIONS = NO;
				ENABLE_STRICT_OBJC_MSGSEND = YES;
				GCC_C_LANGUAGE_STANDARD = gnu99;
				GCC_NO_COMMON_BLOCKS = YES;
				GCC_WARN_64_TO_32_BIT_CONVERSION = YES;
				GCC_WARN_ABOUT_RETURN_TYPE = YES_ERROR;
				GCC_WARN_UNDECLARED_SELECTOR = YES;
				GCC_WARN_UNINITIALIZED_AUTOS = YES_AGGRESSIVE;
				GCC_WARN_UNUSED_FUNCTION = YES;
				GCC_WARN_UNUSED_VARIABLE = YES;
				IPHONEOS_DEPLOYMENT_TARGET = 10.3;
				MTL_ENABLE_DEBUG_INFO = NO;
				SDKROOT = iphoneos;
				SWIFT_OPTIMIZATION_LEVEL = "-Owholemodule";
				VALIDATE_PRODUCT = YES;
			};
			name = Release;
		};
		CF10AF591EAD9E1800E7469A /* Debug */ = {
			isa = XCBuildConfiguration;
			buildSettings = {
				ASSETCATALOG_COMPILER_APPICON_NAME = AppIcon;
				DEVELOPMENT_TEAM = FC96YVXTWZ;
				INFOPLIST_FILE = DouYuTV/Info.plist;
				LD_RUNPATH_SEARCH_PATHS = "$(inherited) @executable_path/Frameworks";
				PRODUCT_BUNDLE_IDENTIFIER = com.GPW.DouYuTV;
				PRODUCT_NAME = "$(TARGET_NAME)";
				SWIFT_VERSION = 3.0;
			};
			name = Debug;
		};
		CF10AF5A1EAD9E1800E7469A /* Release */ = {
			isa = XCBuildConfiguration;
			buildSettings = {
				ASSETCATALOG_COMPILER_APPICON_NAME = AppIcon;
				DEVELOPMENT_TEAM = FC96YVXTWZ;
				INFOPLIST_FILE = DouYuTV/Info.plist;
				LD_RUNPATH_SEARCH_PATHS = "$(inherited) @executable_path/Frameworks";
				PRODUCT_BUNDLE_IDENTIFIER = com.GPW.DouYuTV;
				PRODUCT_NAME = "$(TARGET_NAME)";
				SWIFT_VERSION = 3.0;
			};
			name = Release;
		};
/* End XCBuildConfiguration section */

/* Begin XCConfigurationList section */
		CF10AF411EAD9E1800E7469A /* Build configuration list for PBXProject "DouYuTV" */ = {
			isa = XCConfigurationList;
			buildConfigurations = (
				CF10AF561EAD9E1800E7469A /* Debug */,
				CF10AF571EAD9E1800E7469A /* Release */,
			);
			defaultConfigurationIsVisible = 0;
			defaultConfigurationName = Release;
		};
		CF10AF581EAD9E1800E7469A /* Build configuration list for PBXNativeTarget "DouYuTV" */ = {
			isa = XCConfigurationList;
			buildConfigurations = (
				CF10AF591EAD9E1800E7469A /* Debug */,
				CF10AF5A1EAD9E1800E7469A /* Release */,
			);
			defaultConfigurationIsVisible = 0;
		};
/* End XCConfigurationList section */
	};
	rootObject = CF10AF3E1EAD9E1800E7469A /* Project object */;
}
