// !$*UTF8*$!
{
	archiveVersion = 1;
	classes = {
	};
	objectVersion = 46;
	objects = {

/* Begin PBXBuildFile section */
		CF10AF4A1EAD9E1800E7469A /* AppDelegate.swift in Sources */ = {isa = PBXBuildFile; fileRef = CF10AF491EAD9E1800E7469A /* AppDelegate.swift */; };
		CF10AF511EAD9E1800E7469A /* Assets.xcassets in Resources */ = {isa = PBXBuildFile; fileRef = CF10AF501EAD9E1800E7469A /* Assets.xcassets */; };
		CF10AF541EAD9E1800E7469A /* LaunchScreen.storyboard in Resources */ = {isa = PBXBuildFile; fileRef = CF10AF521EAD9E1800E7469A /* LaunchScreen.storyboard */; };
		CF10AFBC1EAE099C00E7469A /* MainViewController.swift in Sources */ = {isa = PBXBuildFile; fileRef = CF10AFAD1EAE099C00E7469A /* MainViewController.swift */; };
		CF10AFCA1EAE0A7D00E7469A /* Follow.storyboard in Resources */ = {isa = PBXBuildFile; fileRef = CF10AFBE1EAE0A7D00E7469A /* Follow.storyboard */; };
		CF10AFCB1EAE0A7D00E7469A /* Home.storyboard in Resources */ = {isa = PBXBuildFile; fileRef = CF10AFC01EAE0A7D00E7469A /* Home.storyboard */; };
		CF10AFCD1EAE0A7D00E7469A /* Live.storyboard in Resources */ = {isa = PBXBuildFile; fileRef = CF10AFC41EAE0A7D00E7469A /* Live.storyboard */; };
		CF10AFCE1EAE0A7D00E7469A /* Main.storyboard in Resources */ = {isa = PBXBuildFile; fileRef = CF10AFC61EAE0A7D00E7469A /* Main.storyboard */; };
		CF10AFCF1EAE0A7D00E7469A /* Profile.storyboard in Resources */ = {isa = PBXBuildFile; fileRef = CF10AFC81EAE0A7D00E7469A /* Profile.storyboard */; };
		CF10AFD11EAE0F7A00E7469A /* HomeViewController.swift in Sources */ = {isa = PBXBuildFile; fileRef = CF10AFD01EAE0F7A00E7469A /* HomeViewController.swift */; };
		CF10AFD41EAE42F000E7469A /* UIBarButtonItem-Extesion.swift in Sources */ = {isa = PBXBuildFile; fileRef = CF10AFD31EAE42F000E7469A /* UIBarButtonItem-Extesion.swift */; };
		CF10AFD61EAE4C3C00E7469A /* Common.swift in Sources */ = {isa = PBXBuildFile; fileRef = CF10AFD51EAE4C3C00E7469A /* Common.swift */; };
		CF10AFDA1EAE580B00E7469A /* UIColor-Extension.swift in Sources */ = {isa = PBXBuildFile; fileRef = CF10AFD91EAE580B00E7469A /* UIColor-Extension.swift */; };
		CF10AFE01EB3A9D100E7469A /* PageTitleView.swift in Sources */ = {isa = PBXBuildFile; fileRef = CF10AFDF1EB3A9D100E7469A /* PageTitleView.swift */; };
		CF5C92E41EC3175F00D5291F /* PageContentView.swift in Sources */ = {isa = PBXBuildFile; fileRef = CF5C92E31EC3175F00D5291F /* PageContentView.swift */; };
/* End PBXBuildFile section */

/* Begin PBXFileReference section */
		CF10AF461EAD9E1800E7469A /* DouYuTV.app */ = {isa = PBXFileReference; explicitFileType = wrapper.application; includeInIndex = 0; path = DouYuTV.app; sourceTree = BUILT_PRODUCTS_DIR; };
		CF10AF491EAD9E1800E7469A /* AppDelegate.swift */ = {isa = PBXFileReference; lastKnownFileType = sourcecode.swift; path = AppDelegate.swift; sourceTree = "<group>"; };
		CF10AF501EAD9E1800E7469A /* Assets.xcassets */ = {isa = PBXFileReference; lastKnownFileType = folder.assetcatalog; path = Assets.xcassets; sourceTree = "<group>"; };
		CF10AF531EAD9E1800E7469A /* Base */ = {isa = PBXFileReference; lastKnownFileType = file.storyboard; name = Base; path = Base.lproj/LaunchScreen.storyboard; sourceTree = "<group>"; };
		CF10AF551EAD9E1800E7469A /* Info.plist */ = {isa = PBXFileReference; lastKnownFileType = text.plist.xml; path = Info.plist; sourceTree = "<group>"; };
		CF10AFAD1EAE099C00E7469A /* MainViewController.swift */ = {isa = PBXFileReference; fileEncoding = 4; lastKnownFileType = sourcecode.swift; path = MainViewController.swift; sourceTree = "<group>"; };
		CF10AFBF1EAE0A7D00E7469A /* Base */ = {isa = PBXFileReference; lastKnownFileType = file.storyboard; name = Base; path = Follow.storyboard; sourceTree = "<group>"; };
		CF10AFC11EAE0A7D00E7469A /* Base */ = {isa = PBXFileReference; lastKnownFileType = file.storyboard; name = Base; path = Home.storyboard; sourceTree = "<group>"; };
		CF10AFC51EAE0A7D00E7469A /* Base */ = {isa = PBXFileReference; lastKnownFileType = file.storyboard; name = Base; path = Live.storyboard; sourceTree = "<group>"; };
		CF10AFC71EAE0A7D00E7469A /* Base */ = {isa = PBXFileReference; lastKnownFileType = file.storyboard; name = Base; path = Main.storyboard; sourceTree = "<group>"; };
		CF10AFC91EAE0A7D00E7469A /* Base */ = {isa = PBXFileReference; lastKnownFileType = file.storyboard; name = Base; path = Profile.storyboard; sourceTree = "<group>"; };
		CF10AFD01EAE0F7A00E7469A /* HomeViewController.swift */ = {isa = PBXFileReference; fileEncoding = 4; lastKnownFileType = sourcecode.swift; path = HomeViewController.swift; sourceTree = "<group>"; };
		CF10AFD31EAE42F000E7469A /* UIBarButtonItem-Extesion.swift */ = {isa = PBXFileReference; fileEncoding = 4; lastKnownFileType = sourcecode.swift; path = "UIBarButtonItem-Extesion.swift"; sourceTree = "<group>"; };
		CF10AFD51EAE4C3C00E7469A /* Common.swift */ = {isa = PBXFileReference; fileEncoding = 4; lastKnownFileType = sourcecode.swift; path = Common.swift; sourceTree = "<group>"; };
		CF10AFD91EAE580B00E7469A /* UIColor-Extension.swift */ = {isa = PBXFileReference; fileEncoding = 4; lastKnownFileType = sourcecode.swift; path = "UIColor-Extension.swift"; sourceTree = "<group>"; };
		CF10AFDF1EB3A9D100E7469A /* PageTitleView.swift */ = {isa = PBXFileReference; fileEncoding = 4; lastKnownFileType = sourcecode.swift; path = PageTitleView.swift; sourceTree = "<group>"; };
		CF5C92E31EC3175F00D5291F /* PageContentView.swift */ = {isa = PBXFileReference; fileEncoding = 4; lastKnownFileType = sourcecode.swift; path = PageContentView.swift; sourceTree = "<group>"; };
/* End PBXFileReference section */

/* Begin PBXFrameworksBuildPhase section */
		CF10AF431EAD9E1800E7469A /* Frameworks */ = {
			isa = PBXFrameworksBuildPhase;
			buildActionMask = 2147483647;
			files = (
			);
			runOnlyForDeploymentPostprocessing = 0;
		};
/* End PBXFrameworksBuildPhase section */

/* Begin PBXGroup section */
		CF10AF3D1EAD9E1800E7469A = {
			isa = PBXGroup;
			children = (
				CF10AF481EAD9E1800E7469A /* DouYuTV */,
				CF10AF471EAD9E1800E7469A /* Products */,
			);
			sourceTree = "<group>";
		};
		CF10AF471EAD9E1800E7469A /* Products */ = {
			isa = PBXGroup;
			children = (
				CF10AF461EAD9E1800E7469A /* DouYuTV.app */,
			);
			name = Products;
			sourceTree = "<group>";
		};
		CF10AF481EAD9E1800E7469A /* DouYuTV */ = {
			isa = PBXGroup;
			children = (
				CF10AF491EAD9E1800E7469A /* AppDelegate.swift */,
				CF10AF9B1EAE099C00E7469A /* Classes */,
				CF10AF501EAD9E1800E7469A /* Assets.xcassets */,
				CF10AF521EAD9E1800E7469A /* LaunchScreen.storyboard */,
				CF10AF551EAD9E1800E7469A /* Info.plist */,
			);
			path = DouYuTV;
			sourceTree = "<group>";
		};
		CF10AF9B1EAE099C00E7469A /* Classes */ = {
			isa = PBXGroup;
			children = (
				CF10AFAB1EAE099C00E7469A /* Main */,
				CF10AFA11EAE099C00E7469A /* Home */,
				CF10AFA61EAE099C00E7469A /* Live */,
				CF10AF9C1EAE099C00E7469A /* Follow */,
				CF10AFB11EAE099C00E7469A /* Profile */,
				CF10AFB61EAE099C00E7469A /* Room */,
				CF10AFBB1EAE099C00E7469A /* Tools */,
			);
			path = Classes;
			sourceTree = "<group>";
		};
		CF10AF9C1EAE099C00E7469A /* Follow */ = {
			isa = PBXGroup;
			children = (
				CF10AF9D1EAE099C00E7469A /* Controller */,
				CF10AF9E1EAE099C00E7469A /* Model */,
				CF10AF9F1EAE099C00E7469A /* View */,
				CF10AFA01EAE099C00E7469A /* ViewModel */,
			);
			path = Follow;
			sourceTree = "<group>";
		};
		CF10AF9D1EAE099C00E7469A /* Controller */ = {
			isa = PBXGroup;
			children = (
				CF10AFBE1EAE0A7D00E7469A /* Follow.storyboard */,
			);
			path = Controller;
			sourceTree = "<group>";
		};
		CF10AF9E1EAE099C00E7469A /* Model */ = {
			isa = PBXGroup;
			children = (
			);
			path = Model;
			sourceTree = "<group>";
		};
		CF10AF9F1EAE099C00E7469A /* View */ = {
			isa = PBXGroup;
			children = (
			);
			path = View;
			sourceTree = "<group>";
		};
		CF10AFA01EAE099C00E7469A /* ViewModel */ = {
			isa = PBXGroup;
			children = (
			);
			path = ViewModel;
			sourceTree = "<group>";
		};
		CF10AFA11EAE099C00E7469A /* Home */ = {
			isa = PBXGroup;
			children = (
				CF10AFA21EAE099C00E7469A /* Controller */,
				CF10AFA31EAE099C00E7469A /* Model */,
				CF10AFA41EAE099C00E7469A /* View */,
				CF10AFA51EAE099C00E7469A /* ViewModel */,
			);
			path = Home;
			sourceTree = "<group>";
		};
		CF10AFA21EAE099C00E7469A /* Controller */ = {
			isa = PBXGroup;
			children = (
				CF10AFC01EAE0A7D00E7469A /* Home.storyboard */,
				CF10AFD01EAE0F7A00E7469A /* HomeViewController.swift */,
			);
			path = Controller;
			sourceTree = "<group>";
		};
		CF10AFA31EAE099C00E7469A /* Model */ = {
			isa = PBXGroup;
			children = (
			);
			path = Model;
			sourceTree = "<group>";
		};
		CF10AFA41EAE099C00E7469A /* View */ = {
			isa = PBXGroup;
			children = (
			);
			path = View;
			sourceTree = "<group>";
		};
		CF10AFA51EAE099C00E7469A /* ViewModel */ = {
			isa = PBXGroup;
			children = (
			);
			path = ViewModel;
			sourceTree = "<group>";
		};
		CF10AFA61EAE099C00E7469A /* Live */ = {
			isa = PBXGroup;
			children = (
				CF10AFA71EAE099C00E7469A /* Controller */,
				CF10AFA81EAE099C00E7469A /* Model */,
				CF10AFA91EAE099C00E7469A /* View */,
				CF10AFAA1EAE099C00E7469A /* ViewModel */,
			);
			path = Live;
			sourceTree = "<group>";
		};
		CF10AFA71EAE099C00E7469A /* Controller */ = {
			isa = PBXGroup;
			children = (
				CF10AFC41EAE0A7D00E7469A /* Live.storyboard */,
			);
			path = Controller;
			sourceTree = "<group>";
		};
		CF10AFA81EAE099C00E7469A /* Model */ = {
			isa = PBXGroup;
			children = (
			);
			path = Model;
			sourceTree = "<group>";
		};
		CF10AFA91EAE099C00E7469A /* View */ = {
			isa = PBXGroup;
			children = (
			);
			path = View;
			sourceTree = "<group>";
		};
		CF10AFAA1EAE099C00E7469A /* ViewModel */ = {
			isa = PBXGroup;
			children = (
			);
			path = ViewModel;
			sourceTree = "<group>";
		};
		CF10AFAB1EAE099C00E7469A /* Main */ = {
			isa = PBXGroup;
			children = (
				CF10AFAC1EAE099C00E7469A /* Controller */,
				CF10AFAE1EAE099C00E7469A /* Model */,
				CF10AFAF1EAE099C00E7469A /* View */,
				CF10AFB01EAE099C00E7469A /* ViewModel */,
			);
			path = Main;
			sourceTree = "<group>";
		};
		CF10AFAC1EAE099C00E7469A /* Controller */ = {
			isa = PBXGroup;
			children = (
				CF10AFC61EAE0A7D00E7469A /* Main.storyboard */,
				CF10AFAD1EAE099C00E7469A /* MainViewController.swift */,
			);
			path = Controller;
			sourceTree = "<group>";
		};
		CF10AFAE1EAE099C00E7469A /* Model */ = {
			isa = PBXGroup;
			children = (
			);
			path = Model;
			sourceTree = "<group>";
		};
		CF10AFAF1EAE099C00E7469A /* View */ = {
			isa = PBXGroup;
			children = (
				CF10AFDF1EB3A9D100E7469A /* PageTitleView.swift */,
				CF5C92E31EC3175F00D5291F /* PageContentView.swift */,
			);
			path = View;
			sourceTree = "<group>";
		};
		CF10AFB01EAE099C00E7469A /* ViewModel */ = {
			isa = PBXGroup;
			children = (
			);
			path = ViewModel;
			sourceTree = "<group>";
		};
		CF10AFB11EAE099C00E7469A /* Profile */ = {
			isa = PBXGroup;
			children = (
				CF10AFB21EAE099C00E7469A /* Controller */,
				CF10AFB31EAE099C00E7469A /* Model */,
				CF10AFB41EAE099C00E7469A /* View */,
				CF10AFB51EAE099C00E7469A /* ViewModel */,
			);
			path = Profile;
			sourceTree = "<group>";
		};
		CF10AFB21EAE099C00E7469A /* Controller */ = {
			isa = PBXGroup;
			children = (
				CF10AFC81EAE0A7D00E7469A /* Profile.storyboard */,
			);
			path = Controller;
			sourceTree = "<group>";
		};
		CF10AFB31EAE099C00E7469A /* Model */ = {
			isa = PBXGroup;
			children = (
			);
			path = Model;
			sourceTree = "<group>";
		};
		CF10AFB41EAE099C00E7469A /* View */ = {
			isa = PBXGroup;
			children = (
			);
			path = View;
			sourceTree = "<group>";
		};
		CF10AFB51EAE099C00E7469A /* ViewModel */ = {
			isa = PBXGroup;
			children = (
			);
			path = ViewModel;
			sourceTree = "<group>";
		};
		CF10AFB61EAE099C00E7469A /* Room */ = {
			isa = PBXGroup;
			children = (
				CF10AFB71EAE099C00E7469A /* Controller */,
				CF10AFB81EAE099C00E7469A /* Model */,
				CF10AFB91EAE099C00E7469A /* View */,
				CF10AFBA1EAE099C00E7469A /* ViewModel */,
			);
			path = Room;
			sourceTree = "<group>";
		};
		CF10AFB71EAE099C00E7469A /* Controller */ = {
			isa = PBXGroup;
			children = (
			);
			path = Controller;
			sourceTree = "<group>";
		};
		CF10AFB81EAE099C00E7469A /* Model */ = {
			isa = PBXGroup;
			children = (
			);
			path = Model;
			sourceTree = "<group>";
		};
		CF10AFB91EAE099C00E7469A /* View */ = {
			isa = PBXGroup;
			children = (
			);
			path = View;
			sourceTree = "<group>";
		};
		CF10AFBA1EAE099C00E7469A /* ViewModel */ = {
			isa = PBXGroup;
			children = (
			);
			path = ViewModel;
			sourceTree = "<group>";
		};
		CF10AFBB1EAE099C00E7469A /* Tools */ = {
			isa = PBXGroup;
			children = (
				CF10AFD21EAE42C800E7469A /* Extension */,
				CF10AFD51EAE4C3C00E7469A /* Common.swift */,
			);
			path = Tools;
			sourceTree = "<group>";
		};
		CF10AFD21EAE42C800E7469A /* Extension */ = {
			isa = PBXGroup;
			children = (
				CF10AFD31EAE42F000E7469A /* UIBarButtonItem-Extesion.swift */,
				CF10AFD91EAE580B00E7469A /* UIColor-Extension.swift */,
			);
			path = Extension;
			sourceTree = "<group>";
		};
/* End PBXGroup section */

/* Begin PBXNativeTarget section */
		CF10AF451EAD9E1800E7469A /* DouYuTV */ = {
			isa = PBXNativeTarget;
			buildConfigurationList = CF10AF581EAD9E1800E7469A /* Build configuration list for PBXNativeTarget "DouYuTV" */;
			buildPhases = (
				CF10AF421EAD9E1800E7469A /* Sources */,
				CF10AF431EAD9E1800E7469A /* Frameworks */,
				CF10AF441EAD9E1800E7469A /* Resources */,
			);
			buildRules = (
			);
			dependencies = (
			);
			name = DouYuTV;
			productName = DouYuTV;
			productReference = CF10AF461EAD9E1800E7469A /* DouYuTV.app */;
			productType = "com.apple.product-type.application";
		};
/* End PBXNativeTarget section */

/* Begin PBXProject section */
		CF10AF3E1EAD9E1800E7469A /* Project object */ = {
			isa = PBXProject;
			attributes = {
				LastSwiftUpdateCheck = 0830;
				LastUpgradeCheck = 0830;
				ORGANIZATIONNAME = GaiPengwei;
				TargetAttributes = {
					CF10AF451EAD9E1800E7469A = {
						CreatedOnToolsVersion = 8.3.1;
						DevelopmentTeam = FC96YVXTWZ;
						ProvisioningStyle = Automatic;
					};
				};
			};
			buildConfigurationList = CF10AF411EAD9E1800E7469A /* Build configuration list for PBXProject "DouYuTV" */;
			compatibilityVersion = "Xcode 3.2";
			developmentRegion = English;
			hasScannedForEncodings = 0;
			knownRegions = (
				en,
				Base,
			);
			mainGroup = CF10AF3D1EAD9E1800E7469A;
			productRefGroup = CF10AF471EAD9E1800E7469A /* Products */;
			projectDirPath = "";
			projectRoot = "";
			targets = (
				CF10AF451EAD9E1800E7469A /* DouYuTV */,
			);
		};
/* End PBXProject section */

/* Begin PBXResourcesBuildPhase section */
		CF10AF441EAD9E1800E7469A /* Resources */ = {
			isa = PBXResourcesBuildPhase;
			buildActionMask = 2147483647;
			files = (
				CF10AFCE1EAE0A7D00E7469A /* Main.storyboard in Resources */,
				CF10AF541EAD9E1800E7469A /* LaunchScreen.storyboard in Resources */,
				CF10AFCF1EAE0A7D00E7469A /* Profile.storyboard in Resources */,
				CF10AF511EAD9E1800E7469A /* Assets.xcassets in Resources */,
				CF10AFCD1EAE0A7D00E7469A /* Live.storyboard in Resources */,
				CF10AFCA1EAE0A7D00E7469A /* Follow.storyboard in Resources */,
				CF10AFCB1EAE0A7D00E7469A /* Home.storyboard in Resources */,
			);
			runOnlyForDeploymentPostprocessing = 0;
		};
/* End PBXResourcesBuildPhase section */

/* Begin PBXSourcesBuildPhase section */
		CF10AF421EAD9E1800E7469A /* Sources */ = {
			isa = PBXSourcesBuildPhase;
			buildActionMask = 2147483647;
			files = (
				CF10AFE01EB3A9D100E7469A /* PageTitleView.swift in Sources */,
				CF10AF4A1EAD9E1800E7469A /* AppDelegate.swift in Sources */,
				CF10AFBC1EAE099C00E7469A /* MainViewController.swift in Sources */,
				CF5C92E41EC3175F00D5291F /* PageContentView.swift in Sources */,
				CF10AFD11EAE0F7A00E7469A /* HomeViewController.swift in Sources */,
				CF10AFD61EAE4C3C00E7469A /* Common.swift in Sources */,
				CF10AFDA1EAE580B00E7469A /* UIColor-Extension.swift in Sources */,
				CF10AFD41EAE42F000E7469A /* UIBarButtonItem-Extesion.swift in Sources */,
			);
			runOnlyForDeploymentPostprocessing = 0;
		};
/* End PBXSourcesBuildPhase section */

/* Begin PBXVariantGroup section */
		CF10AF521EAD9E1800E7469A /* LaunchScreen.storyboard */ = {
			isa = PBXVariantGroup;
			children = (
				CF10AF531EAD9E1800E7469A /* Base */,
			);
			name = LaunchScreen.storyboard;
			sourceTree = "<group>";
		};
		CF10AFBE1EAE0A7D00E7469A /* Follow.storyboard */ = {
			isa = PBXVariantGroup;
			children = (
				CF10AFBF1EAE0A7D00E7469A /* Base */,
			);
			name = Follow.storyboard;
			path = ../../../Base.lproj;
			sourceTree = "<group>";
		};
		CF10AFC01EAE0A7D00E7469A /* Home.storyboard */ = {
			isa = PBXVariantGroup;
			children = (
				CF10AFC11EAE0A7D00E7469A /* Base */,
			);
			name = Home.storyboard;
			path = ../../../Base.lproj;
			sourceTree = "<group>";
		};
		CF10AFC41EAE0A7D00E7469A /* Live.storyboard */ = {
			isa = PBXVariantGroup;
			children = (
				CF10AFC51EAE0A7D00E7469A /* Base */,
			);
			name = Live.storyboard;
			path = ../../../Base.lproj;
			sourceTree = "<group>";
		};
		CF10AFC61EAE0A7D00E7469A /* Main.storyboard */ = {
			isa = PBXVariantGroup;
			children = (
				CF10AFC71EAE0A7D00E7469A /* Base */,
			);
			name = Main.storyboard;
			path = ../../../Base.lproj;
			sourceTree = "<group>";
		};
		CF10AFC81EAE0A7D00E7469A /* Profile.storyboard */ = {
			isa = PBXVariantGroup;
			children = (
				CF10AFC91EAE0A7D00E7469A /* Base */,
			);
			name = Profile.storyboard;
			path = ../../../Base.lproj;
			sourceTree = "<group>";
		};
/* End PBXVariantGroup section */

/* Begin XCBuildConfiguration section */
		CF10AF561EAD9E1800E7469A /* Debug */ = {
			isa = XCBuildConfiguration;
			buildSettings = {
				ALWAYS_SEARCH_USER_PATHS = NO;
				CLANG_ANALYZER_NONNULL = YES;
				CLANG_ANALYZER_NUMBER_OBJECT_CONVERSION = YES_AGGRESSIVE;
				CLANG_CXX_LANGUAGE_STANDARD = "gnu++0x";
				CLANG_CXX_LIBRARY = "libc++";
				CLANG_ENABLE_MODULES = YES;
				CLANG_ENABLE_OBJC_ARC = YES;
				CLANG_WARN_BOOL_CONVERSION = YES;
				CLANG_WARN_CONSTANT_CONVERSION = YES;
				CLANG_WARN_DIRECT_OBJC_ISA_USAGE = YES_ERROR;
				CLANG_WARN_DOCUMENTATION_COMMENTS = YES;
				CLANG_WARN_EMPTY_BODY = YES;
				CLANG_WARN_ENUM_CONVERSION = YES;
				CLANG_WARN_INFINITE_RECURSION = YES;
				CLANG_WARN_INT_CONVERSION = YES;
				CLANG_WARN_OBJC_ROOT_CLASS = YES_ERROR;
				CLANG_WARN_SUSPICIOUS_MOVE = YES;
				CLANG_WARN_UNREACHABLE_CODE = YES;
				CLANG_WARN__DUPLICATE_METHOD_MATCH = YES;
				"CODE_SIGN_IDENTITY[sdk=iphoneos*]" = "iPhone Developer";
				COPY_PHASE_STRIP = NO;
				DEBUG_INFORMATION_FORMAT = dwarf;
				ENABLE_STRICT_OBJC_MSGSEND = YES;
				ENABLE_TESTABILITY = YES;
				GCC_C_LANGUAGE_STANDARD = gnu99;
				GCC_DYNAMIC_NO_PIC = NO;
				GCC_NO_COMMON_BLOCKS = YES;
				GCC_OPTIMIZATION_LEVEL = 0;
				GCC_PREPROCESSOR_DEFINITIONS = (
					"DEBUG=1",
					"$(inherited)",
				);
				GCC_WARN_64_TO_32_BIT_CONVERSION = YES;
				GCC_WARN_ABOUT_RETURN_TYPE = YES_ERROR;
				GCC_WARN_UNDECLARED_SELECTOR = YES;
				GCC_WARN_UNINITIALIZED_AUTOS = YES_AGGRESSIVE;
				GCC_WARN_UNUSED_FUNCTION = YES;
				GCC_WARN_UNUSED_VARIABLE = YES;
				IPHONEOS_DEPLOYMENT_TARGET = 10.3;
				MTL_ENABLE_DEBUG_INFO = YES;
				ONLY_ACTIVE_ARCH = YES;
				SDKROOT = iphoneos;
				SWIFT_ACTIVE_COMPILATION_CONDITIONS = DEBUG;
				SWIFT_OPTIMIZATION_LEVEL = "-Onone";
			};
			name = Debug;
		};
		CF10AF571EAD9E1800E7469A /* Release */ = {
			isa = XCBuildConfiguration;
			buildSettings = {
				ALWAYS_SEARCH_USER_PATHS = NO;
				CLANG_ANALYZER_NONNULL = YES;
				CLANG_ANALYZER_NUMBER_OBJECT_CONVERSION = YES_AGGRESSIVE;
				CLANG_CXX_LANGUAGE_STANDARD = "gnu++0x";
				CLANG_CXX_LIBRARY = "libc++";
				CLANG_ENABLE_MODULES = YES;
				CLANG_ENABLE_OBJC_ARC = YES;
				CLANG_WARN_BOOL_CONVERSION = YES;
				CLANG_WARN_CONSTANT_CONVERSION = YES;
				CLANG_WARN_DIRECT_OBJC_ISA_USAGE = YES_ERROR;
				CLANG_WARN_DOCUMENTATION_COMMENTS = YES;
				CLANG_WARN_EMPTY_BODY = YES;
				CLANG_WARN_ENUM_CONVERSION = YES;
				CLANG_WARN_INFINITE_RECURSION = YES;
				CLANG_WARN_INT_CONVERSION = YES;
				CLANG_WARN_OBJC_ROOT_CLASS = YES_ERROR;
				CLANG_WARN_SUSPICIOUS_MOVE = YES;
				CLANG_WARN_UNREACHABLE_CODE = YES;
				CLANG_WARN__DUPLICATE_METHOD_MATCH = YES;
				"CODE_SIGN_IDENTITY[sdk=iphoneos*]" = "iPhone Developer";
				COPY_PHASE_STRIP = NO;
				DEBUG_INFORMATION_FORMAT = "dwarf-with-dsym";
				ENABLE_NS_ASSERTIONS = NO;
				ENABLE_STRICT_OBJC_MSGSEND = YES;
				GCC_C_LANGUAGE_STANDARD = gnu99;
				GCC_NO_COMMON_BLOCKS = YES;
				GCC_WARN_64_TO_32_BIT_CONVERSION = YES;
				GCC_WARN_ABOUT_RETURN_TYPE = YES_ERROR;
				GCC_WARN_UNDECLARED_SELECTOR = YES;
				GCC_WARN_UNINITIALIZED_AUTOS = YES_AGGRESSIVE;
				GCC_WARN_UNUSED_FUNCTION = YES;
				GCC_WARN_UNUSED_VARIABLE = YES;
				IPHONEOS_DEPLOYMENT_TARGET = 10.3;
				MTL_ENABLE_DEBUG_INFO = NO;
				SDKROOT = iphoneos;
				SWIFT_OPTIMIZATION_LEVEL = "-Owholemodule";
				VALIDATE_PRODUCT = YES;
			};
			name = Release;
		};
		CF10AF591EAD9E1800E7469A /* Debug */ = {
			isa = XCBuildConfiguration;
			buildSettings = {
				ASSETCATALOG_COMPILER_APPICON_NAME = AppIcon;
				ASSETCATALOG_COMPILER_LAUNCHIMAGE_NAME = "Brand Assets";
				DEVELOPMENT_TEAM = FC96YVXTWZ;
				INFOPLIST_FILE = DouYuTV/Info.plist;
				IPHONEOS_DEPLOYMENT_TARGET = 8.0;
				LD_RUNPATH_SEARCH_PATHS = "$(inherited) @executable_path/Frameworks";
				PRODUCT_BUNDLE_IDENTIFIER = com.GPW.DouYuTV;
				PRODUCT_NAME = "$(TARGET_NAME)";
				SWIFT_VERSION = 3.0;
			};
			name = Debug;
		};
		CF10AF5A1EAD9E1800E7469A /* Release */ = {
			isa = XCBuildConfiguration;
			buildSettings = {
				ASSETCATALOG_COMPILER_APPICON_NAME = AppIcon;
				ASSETCATALOG_COMPILER_LAUNCHIMAGE_NAME = "Brand Assets";
				DEVELOPMENT_TEAM = FC96YVXTWZ;
				INFOPLIST_FILE = DouYuTV/Info.plist;
				IPHONEOS_DEPLOYMENT_TARGET = 8.0;
				LD_RUNPATH_SEARCH_PATHS = "$(inherited) @executable_path/Frameworks";
				PRODUCT_BUNDLE_IDENTIFIER = com.GPW.DouYuTV;
				PRODUCT_NAME = "$(TARGET_NAME)";
				SWIFT_VERSION = 3.0;
			};
			name = Release;
		};
/* End XCBuildConfiguration section */

/* Begin XCConfigurationList section */
		CF10AF411EAD9E1800E7469A /* Build configuration list for PBXProject "DouYuTV" */ = {
			isa = XCConfigurationList;
			buildConfigurations = (
				CF10AF561EAD9E1800E7469A /* Debug */,
				CF10AF571EAD9E1800E7469A /* Release */,
			);
			defaultConfigurationIsVisible = 0;
			defaultConfigurationName = Release;
		};
		CF10AF581EAD9E1800E7469A /* Build configuration list for PBXNativeTarget "DouYuTV" */ = {
			isa = XCConfigurationList;
			buildConfigurations = (
				CF10AF591EAD9E1800E7469A /* Debug */,
				CF10AF5A1EAD9E1800E7469A /* Release */,
			);
			defaultConfigurationIsVisible = 0;
			defaultConfigurationName = Release;
		};
/* End XCConfigurationList section */
	};
	rootObject = CF10AF3E1EAD9E1800E7469A /* Project object */;
}
